
Microsoft Visual Studio Solution File, Format Version 12.00
# Visual Studio 15
VisualStudioVersion = 15.0.28010.2036
MinimumVisualStudioVersion = 10.0.40219.1
Project("{FAE04EC0-301F-11D3-BF4B-00C04F79EFBC}") = "MyUELLoyalty.Model", "MyUELLoyalty.Model\MyUELLoyalty.Model.csproj", "{33103825-95EB-4B10-9580-B37C025F824B}"
EndProject
Project("{FAE04EC0-301F-11D3-BF4B-00C04F79EFBC}") = "MyUELLoyalty.Core", "MyUELLoyalty.Core\MyUELLoyalty.Core.csproj", "{E6A6CF99-70BB-4A0B-AE1C-B403D828CCCD}"
EndProject
Project("{FAE04EC0-301F-11D3-BF4B-00C04F79EFBC}") = "MyUELLoyalty.TemplateEngine", "MyUELLoyalty.TemplateEngine\MyUELLoyalty.TemplateEngine.csproj", "{9522ACD5-8647-464C-9BF1-E6389086DD45}"
EndProject
Project("{FAE04EC0-301F-11D3-BF4B-00C04F79EFBC}") = "MyUELLoyalty.Scheduler", "MyUELLoyalty.Scheduler\MyUELLoyalty.Scheduler.csproj", "{B296136C-3D86-465A-BCF7-1809A7132B21}"
EndProject
Project("{FAE04EC0-301F-11D3-BF4B-00C04F79EFBC}") = "MyUELLoyalty.API", "MyUELLoyalty.API\MyUELLoyalty.API.csproj", "{C364BA9E-D6D5-4793-B8D3-644FE4275E62}"
EndProject
Project("{FAE04EC0-301F-11D3-BF4B-00C04F79EFBC}") = "MyUELLoyalty.DbService", "MyUELLoyalty.DbService\MyUELLoyalty.DbService.csproj", "{12ED298B-A896-40B5-8DA2-15EF4BF1CDCC}"
EndProject
Project("{FAE04EC0-301F-11D3-BF4B-00C04F79EFBC}") = "MyURLLoyalty.Business", "MyURLLoyalty.Business\MyURLLoyalty.Business.csproj", "{7BA38D65-C4BD-4A54-95C0-025282F291FA}"
EndProject
Global
	GlobalSection(SolutionConfigurationPlatforms) = preSolution
		Debug|Any CPU = Debug|Any CPU
		Release|Any CPU = Release|Any CPU
	EndGlobalSection
	GlobalSection(ProjectConfigurationPlatforms) = postSolution
		{33103825-95EB-4B10-9580-B37C025F824B}.Debug|Any CPU.ActiveCfg = Debug|Any CPU
		{33103825-95EB-4B10-9580-B37C025F824B}.Debug|Any CPU.Build.0 = Debug|Any CPU
		{33103825-95EB-4B10-9580-B37C025F824B}.Release|Any CPU.ActiveCfg = Release|Any CPU
		{33103825-95EB-4B10-9580-B37C025F824B}.Release|Any CPU.Build.0 = Release|Any CPU
		{E6A6CF99-70BB-4A0B-AE1C-B403D828CCCD}.Debug|Any CPU.ActiveCfg = Debug|Any CPU
		{E6A6CF99-70BB-4A0B-AE1C-B403D828CCCD}.Debug|Any CPU.Build.0 = Debug|Any CPU
		{E6A6CF99-70BB-4A0B-AE1C-B403D828CCCD}.Release|Any CPU.ActiveCfg = Release|Any CPU
		{E6A6CF99-70BB-4A0B-AE1C-B403D828CCCD}.Release|Any CPU.Build.0 = Release|Any CPU
		{9522ACD5-8647-464C-9BF1-E6389086DD45}.Debug|Any CPU.ActiveCfg = Debug|Any CPU
		{9522ACD5-8647-464C-9BF1-E6389086DD45}.Debug|Any CPU.Build.0 = Debug|Any CPU
		{9522ACD5-8647-464C-9BF1-E6389086DD45}.Release|Any CPU.ActiveCfg = Release|Any CPU
		{9522ACD5-8647-464C-9BF1-E6389086DD45}.Release|Any CPU.Build.0 = Release|Any CPU
		{B296136C-3D86-465A-BCF7-1809A7132B21}.Debug|Any CPU.ActiveCfg = Debug|Any CPU
		{B296136C-3D86-465A-BCF7-1809A7132B21}.Debug|Any CPU.Build.0 = Debug|Any CPU
		{B296136C-3D86-465A-BCF7-1809A7132B21}.Release|Any CPU.ActiveCfg = Release|Any CPU
		{B296136C-3D86-465A-BCF7-1809A7132B21}.Release|Any CPU.Build.0 = Release|Any CPU
		{C364BA9E-D6D5-4793-B8D3-644FE4275E62}.Debug|Any CPU.ActiveCfg = Debug|Any CPU
		{C364BA9E-D6D5-4793-B8D3-644FE4275E62}.Debug|Any CPU.Build.0 = Debug|Any CPU
		{C364BA9E-D6D5-4793-B8D3-644FE4275E62}.Release|Any CPU.ActiveCfg = Release|Any CPU
		{C364BA9E-D6D5-4793-B8D3-644FE4275E62}.Release|Any CPU.Build.0 = Release|Any CPU
		{12ED298B-A896-40B5-8DA2-15EF4BF1CDCC}.Debug|Any CPU.ActiveCfg = Debug|Any CPU
		{12ED298B-A896-40B5-8DA2-15EF4BF1CDCC}.Debug|Any CPU.Build.0 = Debug|Any CPU
		{12ED298B-A896-40B5-8DA2-15EF4BF1CDCC}.Release|Any CPU.ActiveCfg = Release|Any CPU
		{12ED298B-A896-40B5-8DA2-15EF4BF1CDCC}.Release|Any CPU.Build.0 = Release|Any CPU
		{7BA38D65-C4BD-4A54-95C0-025282F291FA}.Debug|Any CPU.ActiveCfg = Debug|Any CPU
		{7BA38D65-C4BD-4A54-95C0-025282F291FA}.Debug|Any CPU.Build.0 = Debug|Any CPU
		{7BA38D65-C4BD-4A54-95C0-025282F291FA}.Release|Any CPU.ActiveCfg = Release|Any CPU
		{7BA38D65-C4BD-4A54-95C0-025282F291FA}.Release|Any CPU.Build.0 = Release|Any CPU
	EndGlobalSection
	GlobalSection(SolutionProperties) = preSolution
		HideSolutionNode = FALSE
	EndGlobalSection
	GlobalSection(ExtensibilityGlobals) = postSolution
		SolutionGuid = {50C049D6-1CDB-4F1A-A3B7-AEB5F5AE4B10}
	EndGlobalSection
EndGlobal
